
Microsoft Visual Studio Solution File, Format Version 12.00
# Visual Studio 15
VisualStudioVersion = 15.0.28010.2036
MinimumVisualStudioVersion = 10.0.40219.1
Project("{FAE04EC0-301F-11D3-BF4B-00C04F79EFBC}") = "Selenium", "Selenium\Selenium.csproj", "{ECE5D79F-013B-4265-AF0E-8C24677EFBE4}"
EndProject
Project("{FAE04EC0-301F-11D3-BF4B-00C04F79EFBC}") = "CompteBancaire", "CompteBancaire\CompteBancaire.csproj", "{B0A3F945-A496-4054-A8A1-169B34DC7FA5}"
EndProject
Global
	GlobalSection(SolutionConfigurationPlatforms) = preSolution
		Debug|Any CPU = Debug|Any CPU
		Release|Any CPU = Release|Any CPU
	EndGlobalSection
	GlobalSection(ProjectConfigurationPlatforms) = postSolution
		{ECE5D79F-013B-4265-AF0E-8C24677EFBE4}.Debug|Any CPU.ActiveCfg = Debug|Any CPU
		{ECE5D79F-013B-4265-AF0E-8C24677EFBE4}.Debug|Any CPU.Build.0 = Debug|Any CPU
		{ECE5D79F-013B-4265-AF0E-8C24677EFBE4}.Release|Any CPU.ActiveCfg = Release|Any CPU
		{ECE5D79F-013B-4265-AF0E-8C24677EFBE4}.Release|Any CPU.Build.0 = Release|Any CPU
		{B0A3F945-A496-4054-A8A1-169B34DC7FA5}.Debug|Any CPU.ActiveCfg = Debug|Any CPU
		{B0A3F945-A496-4054-A8A1-169B34DC7FA5}.Debug|Any CPU.Build.0 = Debug|Any CPU
		{B0A3F945-A496-4054-A8A1-169B34DC7FA5}.Release|Any CPU.ActiveCfg = Release|Any CPU
		{B0A3F945-A496-4054-A8A1-169B34DC7FA5}.Release|Any CPU.Build.0 = Release|Any CPU
	EndGlobalSection
	GlobalSection(SolutionProperties) = preSolution
		HideSolutionNode = FALSE
	EndGlobalSection
	GlobalSection(ExtensibilityGlobals) = postSolution
		SolutionGuid = {ACE4AD41-00E4-44FA-AE59-410008F6137A}
	EndGlobalSection
EndGlobal
